Microsoft Visual Studio Solution File, Format Version 12.00
# Visual Studio Version 16
VisualStudioVersion = 16.0.30011.22
MinimumVisualStudioVersion = 10.0.40219.1
Project("{F184B08F-C81C-45F6-A57F-5ABD9991F28F}") = "Q144847", "Q144847\Q144847.vbproj", "{0C201100-F338-4768-8ACA-98D81FBBEF15}"
EndProject
Project("{9A19103F-16F7-4668-BE54-9A1E7A4F7556}") = "Q144847_NetCore", "Q144847_NetCore\Q144847_NetCore.vbproj", "{9730BDF1-1EB9-49E2-B5C9-F1D27DCA73D3}"
EndProject
Global
	GlobalSection(SolutionConfigurationPlatforms) = preSolution
		Debug|Any CPU = Debug|Any CPU
		Release|Any CPU = Release|Any CPU
	EndGlobalSection
	GlobalSection(ProjectConfigurationPlatforms) = postSolution
		{0C201100-F338-4768-8ACA-98D81FBBEF15}.Debug|Any CPU.ActiveCfg = Debug|Any CPU
		{0C201100-F338-4768-8ACA-98D81FBBEF15}.Debug|Any CPU.Build.0 = Debug|Any CPU
		{0C201100-F338-4768-8ACA-98D81FBBEF15}.Release|Any CPU.ActiveCfg = Release|Any CPU
		{0C201100-F338-4768-8ACA-98D81FBBEF15}.Release|Any CPU.Build.0 = Release|Any CPU
		{9730BDF1-1EB9-49E2-B5C9-F1D27DCA73D3}.Debug|Any CPU.ActiveCfg = Debug|Any CPU
		{9730BDF1-1EB9-49E2-B5C9-F1D27DCA73D3}.Debug|Any CPU.Build.0 = Debug|Any CPU
		{9730BDF1-1EB9-49E2-B5C9-F1D27DCA73D3}.Release|Any CPU.ActiveCfg = Release|Any CPU
		{9730BDF1-1EB9-49E2-B5C9-F1D27DCA73D3}.Release|Any CPU.Build.0 = Release|Any CPU
	EndGlobalSection
	GlobalSection(SolutionProperties) = preSolution
		HideSolutionNode = FALSE
	EndGlobalSection
	GlobalSection(ExtensibilityGlobals) = postSolution
		SolutionGuid = {F103DFF3-B4E4-460E-9B1D-F5A3FF8CBFAD}
	EndGlobalSection
EndGlobal
